
Microsoft Visual Studio Solution File, Format Version 12.00
# Visual Studio Version 17
VisualStudioVersion = 17.10.35027.167
MinimumVisualStudioVersion = 10.0.40219.1
Project("{FAE04EC0-301F-11D3-BF4B-00C04F79EFBC}") = "WorkflowEngineExercise", "WorkflowEngineExercise\WorkflowEngineExercise.csproj", "{9C9BE3F9-E6AA-4247-9E6C-83B3042B26D7}"
EndProject
Global
	GlobalSection(SolutionConfigurationPlatforms) = preSolution
		Debug|Any CPU = Debug|Any CPU
		Release|Any CPU = Release|Any CPU
	EndGlobalSection
	GlobalSection(ProjectConfigurationPlatforms) = postSolution
		{9C9BE3F9-E6AA-4247-9E6C-83B3042B26D7}.Debug|Any CPU.ActiveCfg = Debug|Any CPU
		{9C9BE3F9-E6AA-4247-9E6C-83B3042B26D7}.Debug|Any CPU.Build.0 = Debug|Any CPU
		{9C9BE3F9-E6AA-4247-9E6C-83B3042B26D7}.Release|Any CPU.ActiveCfg = Release|Any CPU
		{9C9BE3F9-E6AA-4247-9E6C-83B3042B26D7}.Release|Any CPU.Build.0 = Release|Any CPU
	EndGlobalSection
	GlobalSection(SolutionProperties) = preSolution
		HideSolutionNode = FALSE
	EndGlobalSection
	GlobalSection(ExtensibilityGlobals) = postSolution
		SolutionGuid = {5F7FB162-54AB-4529-9293-274E614A5558}
	EndGlobalSection
EndGlobal
